# THIS IS AN AUTOGENERATED FILE. DO NOT EDIT THIS FILE DIRECTLY.
# yarn lockfile v1


svelte@^3.58.0:
  version "3.58.0"
  resolved "https://registry.yarnpkg.com/svelte/-/svelte-3.58.0.tgz#d3e6f103efd6129e51c7d709225ad3b4c052b64e"
  integrity sha512-brIBNNB76mXFmU/Kerm4wFnkskBbluBDCjx/8TcpYRb298Yh2dztS2kQ6bhtjMcvUhd5ynClfwpz5h2gnzdQ1A==
